
Microsoft Visual Studio Solution File, Format Version 12.00
# Visual Studio Version 17
VisualStudioVersion = 17.0.31903.59
MinimumVisualStudioVersion = 10.0.40219.1
Project("{8BC9CEB8-8B4A-11D0-8D11-00A0C91BC942}") = "DoAnCuoiKyCTDL", "DoAnCuoiKyCTDL\DoAnCuoiKyCTDL.vcxproj", "{71C0D889-BEBD-4A23-97DF-A4C2F0343D25}"
EndProject
Global
	GlobalSection(SolutionConfigurationPlatforms) = preSolution
		Debug|x64 = Debug|x64
		Debug|x86 = Debug|x86
		Release|x64 = Release|x64
		Release|x86 = Release|x86
	EndGlobalSection
	GlobalSection(ProjectConfigurationPlatforms) = postSolution
		{71C0D889-BEBD-4A23-97DF-A4C2F0343D25}.Debug|x64.ActiveCfg = Debug|x64
		{71C0D889-BEBD-4A23-97DF-A4C2F0343D25}.Debug|x64.Build.0 = Debug|x64
		{71C0D889-BEBD-4A23-97DF-A4C2F0343D25}.Debug|x86.ActiveCfg = Debug|Win32
		{71C0D889-BEBD-4A23-97DF-A4C2F0343D25}.Debug|x86.Build.0 = Debug|Win32
		{71C0D889-BEBD-4A23-97DF-A4C2F0343D25}.Release|x64.ActiveCfg = Release|x64
		{71C0D889-BEBD-4A23-97DF-A4C2F0343D25}.Release|x64.Build.0 = Release|x64
		{71C0D889-BEBD-4A23-97DF-A4C2F0343D25}.Release|x86.ActiveCfg = Release|Win32
		{71C0D889-BEBD-4A23-97DF-A4C2F0343D25}.Release|x86.Build.0 = Release|Win32
	EndGlobalSection
	GlobalSection(SolutionProperties) = preSolution
		HideSolutionNode = FALSE
	EndGlobalSection
	GlobalSection(ExtensibilityGlobals) = postSolution
		SolutionGuid = {CF4EC8B6-DE30-474F-A454-0F476CFF36A9}
	EndGlobalSection
EndGlobal
